
Microsoft Visual Studio Solution File, Format Version 12.00
# Visual Studio Version 17
VisualStudioVersion = 17.14.36623.8
MinimumVisualStudioVersion = 10.0.40219.1
Project("{FAE04EC0-301F-11D3-BF4B-00C04F79EFBC}") = "QueueSystem", "QueueSystem\QueueSystem.csproj", "{E90EA8E3-8303-4FBC-966C-52EEF305A876}"
EndProject
Project("{FAE04EC0-301F-11D3-BF4B-00C04F79EFBC}") = "QueueSystem.Domain", "QueueSystem.Domain\QueueSystem.Domain.csproj", "{5BC86523-36B2-4D78-9264-733D669D5BD1}"
EndProject
Project("{FAE04EC0-301F-11D3-BF4B-00C04F79EFBC}") = "QueueSystem.Application", "QueueSystem.Application\QueueSystem.Application.csproj", "{92782D84-E657-4DE4-B98F-244F783994E8}"
EndProject
Project("{FAE04EC0-301F-11D3-BF4B-00C04F79EFBC}") = "QueueSystem.Infrasturucture", "QueueSystem.Infrasturucture\QueueSystem.Infrasturucture.csproj", "{809FCC3B-B841-4361-948A-7516BAB739E8}"
EndProject
Project("{FAE04EC0-301F-11D3-BF4B-00C04F79EFBC}") = "QueueSystem.Persistance", "QueueSystem.Persistance\QueueSystem.Persistance.csproj", "{54F7A022-EC38-47B0-A77F-2B3AB9DF0C5E}"
EndProject
Global
	GlobalSection(SolutionConfigurationPlatforms) = preSolution
		Debug|Any CPU = Debug|Any CPU
		Release|Any CPU = Release|Any CPU
	EndGlobalSection
	GlobalSection(ProjectConfigurationPlatforms) = postSolution
		{E90EA8E3-8303-4FBC-966C-52EEF305A876}.Debug|Any CPU.ActiveCfg = Debug|Any CPU
		{E90EA8E3-8303-4FBC-966C-52EEF305A876}.Debug|Any CPU.Build.0 = Debug|Any CPU
		{E90EA8E3-8303-4FBC-966C-52EEF305A876}.Release|Any CPU.ActiveCfg = Release|Any CPU
		{E90EA8E3-8303-4FBC-966C-52EEF305A876}.Release|Any CPU.Build.0 = Release|Any CPU
		{5BC86523-36B2-4D78-9264-733D669D5BD1}.Debug|Any CPU.ActiveCfg = Debug|Any CPU
		{5BC86523-36B2-4D78-9264-733D669D5BD1}.Debug|Any CPU.Build.0 = Debug|Any CPU
		{5BC86523-36B2-4D78-9264-733D669D5BD1}.Release|Any CPU.ActiveCfg = Release|Any CPU
		{5BC86523-36B2-4D78-9264-733D669D5BD1}.Release|Any CPU.Build.0 = Release|Any CPU
		{92782D84-E657-4DE4-B98F-244F783994E8}.Debug|Any CPU.ActiveCfg = Debug|Any CPU
		{92782D84-E657-4DE4-B98F-244F783994E8}.Debug|Any CPU.Build.0 = Debug|Any CPU
		{92782D84-E657-4DE4-B98F-244F783994E8}.Release|Any CPU.ActiveCfg = Release|Any CPU
		{92782D84-E657-4DE4-B98F-244F783994E8}.Release|Any CPU.Build.0 = Release|Any CPU
		{809FCC3B-B841-4361-948A-7516BAB739E8}.Debug|Any CPU.ActiveCfg = Debug|Any CPU
		{809FCC3B-B841-4361-948A-7516BAB739E8}.Debug|Any CPU.Build.0 = Debug|Any CPU
		{809FCC3B-B841-4361-948A-7516BAB739E8}.Release|Any CPU.ActiveCfg = Release|Any CPU
		{809FCC3B-B841-4361-948A-7516BAB739E8}.Release|Any CPU.Build.0 = Release|Any CPU
		{54F7A022-EC38-47B0-A77F-2B3AB9DF0C5E}.Debug|Any CPU.ActiveCfg = Debug|Any CPU
		{54F7A022-EC38-47B0-A77F-2B3AB9DF0C5E}.Debug|Any CPU.Build.0 = Debug|Any CPU
		{54F7A022-EC38-47B0-A77F-2B3AB9DF0C5E}.Release|Any CPU.ActiveCfg = Release|Any CPU
		{54F7A022-EC38-47B0-A77F-2B3AB9DF0C5E}.Release|Any CPU.Build.0 = Release|Any CPU
	EndGlobalSection
	GlobalSection(SolutionProperties) = preSolution
		HideSolutionNode = FALSE
	EndGlobalSection
	GlobalSection(ExtensibilityGlobals) = postSolution
		SolutionGuid = {A4DBF53B-5EF5-4977-A36D-E7BE89C0049C}
	EndGlobalSection
EndGlobal
